
Microsoft Visual Studio Solution File, Format Version 12.00
# Visual Studio 15
VisualStudioVersion = 15.0.28307.271
MinimumVisualStudioVersion = 10.0.40219.1
Project("{9A19103F-16F7-4668-BE54-9A1E7A4F7556}") = "MyBlog.Domain", "MyBlog.Domain\MyBlog.Domain.csproj", "{ABD913EF-A00E-4C12-A46A-E592AAE8D7E0}"
EndProject
Project("{9A19103F-16F7-4668-BE54-9A1E7A4F7556}") = "MyBlog.Infrastructure", "MyBlog.Infrastructure\MyBlog.Infrastructure.csproj", "{ED1BF025-6D6B-4BAC-B5B1-176A6FD195FF}"
EndProject
Project("{9A19103F-16F7-4668-BE54-9A1E7A4F7556}") = "MyBlog.Application", "MyBlog.Program\MyBlog.Application.csproj", "{20D7851B-B335-4028-9D21-28BC6072CC2B}"
EndProject
Project("{9A19103F-16F7-4668-BE54-9A1E7A4F7556}") = "MyBlog.IComm", "MyBlog.IComm\MyBlog.IComm.csproj", "{4ED4E1F5-5C20-4A15-B4D2-D25A66DE84FD}"
EndProject
Project("{9A19103F-16F7-4668-BE54-9A1E7A4F7556}") = "MyBlog.UI", "MyBlog.UI\MyBlog.UI.csproj", "{6ACB6907-0EC4-4297-9205-6D9426A350C5}"
EndProject
Global
	GlobalSection(SolutionConfigurationPlatforms) = preSolution
		Debug|Any CPU = Debug|Any CPU
		Release|Any CPU = Release|Any CPU
	EndGlobalSection
	GlobalSection(ProjectConfigurationPlatforms) = postSolution
		{ABD913EF-A00E-4C12-A46A-E592AAE8D7E0}.Debug|Any CPU.ActiveCfg = Debug|Any CPU
		{ABD913EF-A00E-4C12-A46A-E592AAE8D7E0}.Debug|Any CPU.Build.0 = Debug|Any CPU
		{ABD913EF-A00E-4C12-A46A-E592AAE8D7E0}.Release|Any CPU.ActiveCfg = Release|Any CPU
		{ABD913EF-A00E-4C12-A46A-E592AAE8D7E0}.Release|Any CPU.Build.0 = Release|Any CPU
		{ED1BF025-6D6B-4BAC-B5B1-176A6FD195FF}.Debug|Any CPU.ActiveCfg = Debug|Any CPU
		{ED1BF025-6D6B-4BAC-B5B1-176A6FD195FF}.Debug|Any CPU.Build.0 = Debug|Any CPU
		{ED1BF025-6D6B-4BAC-B5B1-176A6FD195FF}.Release|Any CPU.ActiveCfg = Release|Any CPU
		{ED1BF025-6D6B-4BAC-B5B1-176A6FD195FF}.Release|Any CPU.Build.0 = Release|Any CPU
		{20D7851B-B335-4028-9D21-28BC6072CC2B}.Debug|Any CPU.ActiveCfg = Debug|Any CPU
		{20D7851B-B335-4028-9D21-28BC6072CC2B}.Debug|Any CPU.Build.0 = Debug|Any CPU
		{20D7851B-B335-4028-9D21-28BC6072CC2B}.Release|Any CPU.ActiveCfg = Release|Any CPU
		{20D7851B-B335-4028-9D21-28BC6072CC2B}.Release|Any CPU.Build.0 = Release|Any CPU
		{4ED4E1F5-5C20-4A15-B4D2-D25A66DE84FD}.Debug|Any CPU.ActiveCfg = Debug|Any CPU
		{4ED4E1F5-5C20-4A15-B4D2-D25A66DE84FD}.Debug|Any CPU.Build.0 = Debug|Any CPU
		{4ED4E1F5-5C20-4A15-B4D2-D25A66DE84FD}.Release|Any CPU.ActiveCfg = Release|Any CPU
		{4ED4E1F5-5C20-4A15-B4D2-D25A66DE84FD}.Release|Any CPU.Build.0 = Release|Any CPU
		{6ACB6907-0EC4-4297-9205-6D9426A350C5}.Debug|Any CPU.ActiveCfg = Debug|Any CPU
		{6ACB6907-0EC4-4297-9205-6D9426A350C5}.Debug|Any CPU.Build.0 = Debug|Any CPU
		{6ACB6907-0EC4-4297-9205-6D9426A350C5}.Release|Any CPU.ActiveCfg = Release|Any CPU
		{6ACB6907-0EC4-4297-9205-6D9426A350C5}.Release|Any CPU.Build.0 = Release|Any CPU
	EndGlobalSection
	GlobalSection(SolutionProperties) = preSolution
		HideSolutionNode = FALSE
	EndGlobalSection
	GlobalSection(ExtensibilityGlobals) = postSolution
		SolutionGuid = {C85F31F3-BC3D-4C3E-BB4C-E67C59D0E572}
	EndGlobalSection
EndGlobal
